
Microsoft Visual Studio Solution File, Format Version 12.00
# Visual Studio Version 16
VisualStudioVersion = 16.0.30717.126
MinimumVisualStudioVersion = 10.0.40219.1
Project("{8BC9CEB8-8B4A-11D0-8D11-00A0C91BC942}") = "Damian Dzikowicz", "C:\Users\damia\source\repos\Damian Dzikowicz\Damian Dzikowicz.vcxproj", "{66A44660-3388-4598-8FEA-89759F5C4E78}"
EndProject
Global
	GlobalSection(SolutionConfigurationPlatforms) = preSolution
		Debug|x64 = Debug|x64
		Debug|x86 = Debug|x86
		Release|x64 = Release|x64
		Release|x86 = Release|x86
	EndGlobalSection
	GlobalSection(ProjectConfigurationPlatforms) = postSolution
		{66A44660-3388-4598-8FEA-89759F5C4E78}.Debug|x64.ActiveCfg = Debug|x64
		{66A44660-3388-4598-8FEA-89759F5C4E78}.Debug|x64.Build.0 = Debug|x64
		{66A44660-3388-4598-8FEA-89759F5C4E78}.Debug|x86.ActiveCfg = Debug|Win32
		{66A44660-3388-4598-8FEA-89759F5C4E78}.Debug|x86.Build.0 = Debug|Win32
		{66A44660-3388-4598-8FEA-89759F5C4E78}.Release|x64.ActiveCfg = Release|x64
		{66A44660-3388-4598-8FEA-89759F5C4E78}.Release|x64.Build.0 = Release|x64
		{66A44660-3388-4598-8FEA-89759F5C4E78}.Release|x86.ActiveCfg = Release|Win32
		{66A44660-3388-4598-8FEA-89759F5C4E78}.Release|x86.Build.0 = Release|Win32
	EndGlobalSection
	GlobalSection(SolutionProperties) = preSolution
		HideSolutionNode = FALSE
	EndGlobalSection
	GlobalSection(ExtensibilityGlobals) = postSolution
		SolutionGuid = {3B646C08-0AF2-4241-A5B6-FF1342C34E10}
	EndGlobalSection
EndGlobal
